{
  "name": "be-typed",
  "version": "0.0.0",
  "lockfileVersion": 2,
  "requires": true,
  "packages": {
    "": {
      "name": "be-typed",
      "version": "0.0.0",
      "license": "MIT",
      "dependencies": {
        "be-decorated": "0.0.114",
        "be-hive": "0.0.46"
      }
    },
    "node_modules/be-decorated": {
      "version": "0.0.114",
      "resolved": "https://registry.npmjs.org/be-decorated/-/be-decorated-0.0.114.tgz",
      "integrity": "sha512-8D2ak5HT5W8lVGW8vguwnXz2dHGZdHWLaS6Zj7x0dEhlWMt+zZPplxKMPPY58ui5y0gmwcx2GTSrgEM+EwNEAQ==",
      "dependencies": {
        "trans-render": "0.0.536",
        "xtal-element": "0.0.493"
      }
    },
    "node_modules/be-hive": {
      "version": "0.0.46",
      "resolved": "https://registry.npmjs.org/be-hive/-/be-hive-0.0.46.tgz",
      "integrity": "sha512-Tj0m15B4CbGVZ3f4bVtnWdLN3V/6nawycabvItepUzO0MGFfCe7ov7h12rgHIsbyGdWf7fsXk6eIFndn+9DCKg==",
      "dependencies": {
        "xtal-element": "0.0.493"
      }
    },
    "node_modules/trans-render": {
      "version": "0.0.536",
      "resolved": "https://registry.npmjs.org/trans-render/-/trans-render-0.0.536.tgz",
      "integrity": "sha512-LY4Ww8kXrjb2APtVmweNm0Hqjr2ULQ+zU9ECLlCyzO/XnKo9M79LPOu+e90LFMe+z5UB4trCw4c/k5ldZ9qvvg=="
    },
    "node_modules/xtal-element": {
      "version": "0.0.493",
      "resolved": "https://registry.npmjs.org/xtal-element/-/xtal-element-0.0.493.tgz",
      "integrity": "sha512-eQnG/LGcWnjIOXCt8Hrb3hala3GSz137Dm85qsWT3pX55V3jJQfElLXK6wfFLn2M/STh4ABdK13BtaihM69OUQ==",
      "dependencies": {
        "trans-render": "0.0.536"
      }
    }
  },
  "dependencies": {
    "be-decorated": {
      "version": "0.0.114",
      "resolved": "https://registry.npmjs.org/be-decorated/-/be-decorated-0.0.114.tgz",
      "integrity": "sha512-8D2ak5HT5W8lVGW8vguwnXz2dHGZdHWLaS6Zj7x0dEhlWMt+zZPplxKMPPY58ui5y0gmwcx2GTSrgEM+EwNEAQ==",
      "requires": {
        "trans-render": "0.0.536",
        "xtal-element": "0.0.493"
      }
    },
    "be-hive": {
      "version": "0.0.46",
      "resolved": "https://registry.npmjs.org/be-hive/-/be-hive-0.0.46.tgz",
      "integrity": "sha512-Tj0m15B4CbGVZ3f4bVtnWdLN3V/6nawycabvItepUzO0MGFfCe7ov7h12rgHIsbyGdWf7fsXk6eIFndn+9DCKg==",
      "requires": {
        "xtal-element": "0.0.493"
      }
    },
    "trans-render": {
      "version": "0.0.536",
      "resolved": "https://registry.npmjs.org/trans-render/-/trans-render-0.0.536.tgz",
      "integrity": "sha512-LY4Ww8kXrjb2APtVmweNm0Hqjr2ULQ+zU9ECLlCyzO/XnKo9M79LPOu+e90LFMe+z5UB4trCw4c/k5ldZ9qvvg=="
    },
    "xtal-element": {
      "version": "0.0.493",
      "resolved": "https://registry.npmjs.org/xtal-element/-/xtal-element-0.0.493.tgz",
      "integrity": "sha512-eQnG/LGcWnjIOXCt8Hrb3hala3GSz137Dm85qsWT3pX55V3jJQfElLXK6wfFLn2M/STh4ABdK13BtaihM69OUQ==",
      "requires": {
        "trans-render": "0.0.536"
      }
    }
  }
}
