{
  "name": "be-typed",
  "version": "0.0.18",
  "lockfileVersion": 2,
  "requires": true,
  "packages": {
    "": {
      "name": "be-typed",
      "version": "0.0.18",
      "license": "MIT",
      "dependencies": {
        "be-enhanced": "0.0.155",
        "be-hive": "0.0.234",
        "trans-render": "0.0.863"
      },
      "devDependencies": {
        "@playwright/test": "1.49.0",
        "ssi-server": "0.0.1"
      }
    },
    "node_modules/@playwright/test": {
      "version": "1.49.0",
      "resolved": "https://registry.npmjs.org/@playwright/test/-/test-1.49.0.tgz",
      "integrity": "sha512-DMulbwQURa8rNIQrf94+jPJQ4FmOVdpE5ZppRNvWVjvhC+6sOeo28r8MgIpQRYouXRtt/FCCXU7zn20jnHR4Qw==",
      "dev": true,
      "license": "Apache-2.0",
      "dependencies": {
        "playwright": "1.49.0"
      },
      "bin": {
        "playwright": "cli.js"
      },
      "engines": {
        "node": ">=18"
      }
    },
    "node_modules/be-enhanced": {
      "version": "0.0.155",
      "resolved": "https://registry.npmjs.org/be-enhanced/-/be-enhanced-0.0.155.tgz",
      "integrity": "sha512-zxOBCwlv+Zfd0K6kQXEBOqLaqqLF+zMTlm4rgF1NoZkGyD3BtYdl/fDgugNS+EMy9oVn7k6uL8LpcD5Dl5vy3Q==",
      "license": "MIT",
      "dependencies": {
        "trans-render": "0.0.863"
      }
    },
    "node_modules/be-hive": {
      "version": "0.0.234",
      "resolved": "https://registry.npmjs.org/be-hive/-/be-hive-0.0.234.tgz",
      "integrity": "sha512-qBJg7FHatq/4sJB7SH6Tjid2ofBtuieC4BIjuSA776OJ3fKYA4Pd3s1zNRsCmcRPCxVywpqA+lYyIygZ2BQwQg==",
      "license": "MIT",
      "dependencies": {
        "be-enhanced": "0.0.155",
        "mount-observer": "0.0.39",
        "trans-render": "0.0.863"
      }
    },
    "node_modules/fsevents": {
      "version": "2.3.2",
      "resolved": "https://registry.npmjs.org/fsevents/-/fsevents-2.3.2.tgz",
      "integrity": "sha512-xiqMQR4xAeHTuB9uWm+fFRcIOgKBMiOBP+eXiyT7jsgVCq1bkVygt00oASowB7EdtpOHaaPgKt812P9ab+DDKA==",
      "dev": true,
      "hasInstallScript": true,
      "license": "MIT",
      "optional": true,
      "os": [
        "darwin"
      ],
      "engines": {
        "node": "^8.16.0 || ^10.6.0 || >=11.0.0"
      }
    },
    "node_modules/mount-observer": {
      "version": "0.0.39",
      "resolved": "https://registry.npmjs.org/mount-observer/-/mount-observer-0.0.39.tgz",
      "integrity": "sha512-iyoMdQAE4luZfgXDf4zO6hiLd33w8tRAIdpJZVu30UAH2pwysjAqZOuPP0/fbcBUH3JBY6jVE8WlNHfc11gjNA==",
      "license": "MIT"
    },
    "node_modules/playwright": {
      "version": "1.49.0",
      "resolved": "https://registry.npmjs.org/playwright/-/playwright-1.49.0.tgz",
      "integrity": "sha512-eKpmys0UFDnfNb3vfsf8Vx2LEOtflgRebl0Im2eQQnYMA4Aqd+Zw8bEOB+7ZKvN76901mRnqdsiOGKxzVTbi7A==",
      "dev": true,
      "license": "Apache-2.0",
      "dependencies": {
        "playwright-core": "1.49.0"
      },
      "bin": {
        "playwright": "cli.js"
      },
      "engines": {
        "node": ">=18"
      },
      "optionalDependencies": {
        "fsevents": "2.3.2"
      }
    },
    "node_modules/playwright-core": {
      "version": "1.49.0",
      "resolved": "https://registry.npmjs.org/playwright-core/-/playwright-core-1.49.0.tgz",
      "integrity": "sha512-R+3KKTQF3npy5GTiKH/T+kdhoJfJojjHESR1YEWhYuEKRVfVaxH3+4+GvXE5xyCngCxhxnykk0Vlah9v8fs3jA==",
      "dev": true,
      "license": "Apache-2.0",
      "bin": {
        "playwright-core": "cli.js"
      },
      "engines": {
        "node": ">=18"
      }
    },
    "node_modules/ssi-server": {
      "version": "0.0.1",
      "resolved": "https://registry.npmjs.org/ssi-server/-/ssi-server-0.0.1.tgz",
      "integrity": "sha512-HdgGAl+z7O0lq3Bl4cCnj4tKg7mG3rI4srKnaoPTHIzHO4QMMdvP9z6IDRz1fIpgLBMi6b6ZnvbYa2TSPjBhpg==",
      "dev": true,
      "license": "Apache-2.0"
    },
    "node_modules/trans-render": {
      "version": "0.0.863",
      "resolved": "https://registry.npmjs.org/trans-render/-/trans-render-0.0.863.tgz",
      "integrity": "sha512-bxlsed22ILjq33x1ZkVpJ6S0jED2aBAaAWLIJN1DPQumDmQIDtbQXChO8wOdR3Kgr2Jx7hFD+/PU2j8d+b4Msw==",
      "license": "MIT",
      "dependencies": {
        "mount-observer": "0.0.39"
      }
    }
  },
  "dependencies": {
    "@playwright/test": {
      "version": "1.49.0",
      "resolved": "https://registry.npmjs.org/@playwright/test/-/test-1.49.0.tgz",
      "integrity": "sha512-DMulbwQURa8rNIQrf94+jPJQ4FmOVdpE5ZppRNvWVjvhC+6sOeo28r8MgIpQRYouXRtt/FCCXU7zn20jnHR4Qw==",
      "dev": true,
      "requires": {
        "playwright": "1.49.0"
      }
    },
    "be-enhanced": {
      "version": "0.0.155",
      "resolved": "https://registry.npmjs.org/be-enhanced/-/be-enhanced-0.0.155.tgz",
      "integrity": "sha512-zxOBCwlv+Zfd0K6kQXEBOqLaqqLF+zMTlm4rgF1NoZkGyD3BtYdl/fDgugNS+EMy9oVn7k6uL8LpcD5Dl5vy3Q==",
      "requires": {
        "trans-render": "0.0.863"
      }
    },
    "be-hive": {
      "version": "0.0.234",
      "resolved": "https://registry.npmjs.org/be-hive/-/be-hive-0.0.234.tgz",
      "integrity": "sha512-qBJg7FHatq/4sJB7SH6Tjid2ofBtuieC4BIjuSA776OJ3fKYA4Pd3s1zNRsCmcRPCxVywpqA+lYyIygZ2BQwQg==",
      "requires": {
        "be-enhanced": "0.0.155",
        "mount-observer": "0.0.39",
        "trans-render": "0.0.863"
      }
    },
    "fsevents": {
      "version": "2.3.2",
      "resolved": "https://registry.npmjs.org/fsevents/-/fsevents-2.3.2.tgz",
      "integrity": "sha512-xiqMQR4xAeHTuB9uWm+fFRcIOgKBMiOBP+eXiyT7jsgVCq1bkVygt00oASowB7EdtpOHaaPgKt812P9ab+DDKA==",
      "dev": true,
      "optional": true
    },
    "mount-observer": {
      "version": "0.0.39",
      "resolved": "https://registry.npmjs.org/mount-observer/-/mount-observer-0.0.39.tgz",
      "integrity": "sha512-iyoMdQAE4luZfgXDf4zO6hiLd33w8tRAIdpJZVu30UAH2pwysjAqZOuPP0/fbcBUH3JBY6jVE8WlNHfc11gjNA=="
    },
    "playwright": {
      "version": "1.49.0",
      "resolved": "https://registry.npmjs.org/playwright/-/playwright-1.49.0.tgz",
      "integrity": "sha512-eKpmys0UFDnfNb3vfsf8Vx2LEOtflgRebl0Im2eQQnYMA4Aqd+Zw8bEOB+7ZKvN76901mRnqdsiOGKxzVTbi7A==",
      "dev": true,
      "requires": {
        "fsevents": "2.3.2",
        "playwright-core": "1.49.0"
      }
    },
    "playwright-core": {
      "version": "1.49.0",
      "resolved": "https://registry.npmjs.org/playwright-core/-/playwright-core-1.49.0.tgz",
      "integrity": "sha512-R+3KKTQF3npy5GTiKH/T+kdhoJfJojjHESR1YEWhYuEKRVfVaxH3+4+GvXE5xyCngCxhxnykk0Vlah9v8fs3jA==",
      "dev": true
    },
    "ssi-server": {
      "version": "0.0.1",
      "resolved": "https://registry.npmjs.org/ssi-server/-/ssi-server-0.0.1.tgz",
      "integrity": "sha512-HdgGAl+z7O0lq3Bl4cCnj4tKg7mG3rI4srKnaoPTHIzHO4QMMdvP9z6IDRz1fIpgLBMi6b6ZnvbYa2TSPjBhpg==",
      "dev": true
    },
    "trans-render": {
      "version": "0.0.863",
      "resolved": "https://registry.npmjs.org/trans-render/-/trans-render-0.0.863.tgz",
      "integrity": "sha512-bxlsed22ILjq33x1ZkVpJ6S0jED2aBAaAWLIJN1DPQumDmQIDtbQXChO8wOdR3Kgr2Jx7hFD+/PU2j8d+b4Msw==",
      "requires": {
        "mount-observer": "0.0.39"
      }
    }
  }
}
